{
  "version": "3",
  "packages": {
    "specifiers": {
      "jsr:@cross/runtime@^0.0.10": "jsr:@cross/runtime@0.0.10",
      "jsr:@std/assert@^0.218.2": "jsr:@std/assert@0.218.2",
      "jsr:@std/fmt@^0.218.2": "jsr:@std/fmt@0.218.2",
      "npm:@types/node": "npm:@types/node@18.16.19"
    },
    "jsr": {
      "@cross/runtime@0.0.10": {
        "integrity": "99906cc55a297b9168f6588a68604161a648651ac7abf084f0883935da2c6ecf"
      },
      "@std/assert@0.218.2": {
        "integrity": "7f0a5a1a8cf86607cd6c2c030584096e1ffad27fc9271429a8cb48cfbdee5eaf",
        "dependencies": [
          "jsr:@std/fmt@^0.218.2"
        ]
      },
      "@std/fmt@0.218.2": {
        "integrity": "99526449d2505aa758b6cbef81e7dd471d8b28ec0dcb1491d122b284c548788a"
      }
    },
    "npm": {
      "@types/node@18.16.19": {
        "integrity": "sha512-IXl7o+R9iti9eBW4Wg2hx1xQDig183jj7YLn8F7udNceyfkbn1ZxmzZXuak20gR40D7pIkIY1kYGx5VIGbaHKA==",
        "dependencies": {}
      }
    }
  },
  "remote": {},
  "workspace": {
    "dependencies": [
      "jsr:@cross/runtime@^0.0.10",
      "jsr:@std/assert@^0.218.2"
    ],
    "packageJson": {
      "dependencies": [
        "npm:@jsr/cross__runtime",
        "npm:@jsr/std__assert"
      ]
    }
  }
}
