{
  "name": "test",
  "lockfileVersion": 3,
  "requires": true,
  "packages": {
    "": {
      "dependencies": {
        "@cross/test": "npm:@jsr/cross__test@^0.0.2",
        "@std/assert": "npm:@jsr/std__assert@^0.218.2"
      }
    },
    "node_modules/@cross/test": {
      "name": "@jsr/cross__test",
      "version": "0.0.2",
      "resolved": "https://npm.jsr.io/~/6/@jsr/cross__test/0.0.2.tgz",
      "integrity": "sha512-PHXRHgXvvX6+J0A/e1WPEMF1rN4p4NWcqJYsdX9hHLejTCUneIyRFlmZLyO5uG630V6zKpI9jiufDoMw7CvB4w=="
    },
    "node_modules/@jsr/std__fmt": {
      "version": "0.218.2",
      "resolved": "https://npm.jsr.io/~/6/@jsr/std__fmt/0.218.2.tgz",
      "integrity": "sha512-EZLPLlc03sviW+8u3UJcbvbdAUpZcvAV5iMt6nT6UIrRKNBytN/5pGRVHeTRk+7bj0Lv0rsZ7kAdShJ9Lv+sAw=="
    },
    "node_modules/@std/assert": {
      "name": "@jsr/std__assert",
      "version": "0.218.2",
      "resolved": "https://npm.jsr.io/~/6/@jsr/std__assert/0.218.2.tgz",
      "integrity": "sha512-8cymQR1kt8ASAz5bovPDe6CNsLCysqEAHEN1XdJJUezSroAcBWuOIj8C/bU0sz0JVhFe6Dn+VEPlTeaPNc0UTw==",
      "dependencies": {
        "@jsr/std__fmt": "^0.218.2"
      }
    }
  }
}
